// !$*UTF8*$!
{
	archiveVersion = 1;
	classes = {
	};
	objectVersion = 46;
	objects = {

/* Begin PBXBuildFile section */
		2161D23020B0F70C00F6818B /* MovieListViewModel.swift in Sources */ = {isa = PBXBuildFile; fileRef = 2161D22F20B0F70C00F6818B /* MovieListViewModel.swift */; };
		2161D23A20B2405000F6818B /* TypeAlias.swift in Sources */ = {isa = PBXBuildFile; fileRef = 2161D23920B2405000F6818B /* TypeAlias.swift */; };
		21682DC61D30DC88002FC386 /* Movie.swift in Sources */ = {isa = PBXBuildFile; fileRef = 21682DC51D30DC88002FC386 /* Movie.swift */; };
		21C7BF351D324FF2007699E8 /* WalkthroughContentViewController.swift in Sources */ = {isa = PBXBuildFile; fileRef = 21C7BF341D324FF2007699E8 /* WalkthroughContentViewController.swift */; };
		21C7BF371D32518E007699E8 /* WalkthroughPageViewController.swift in Sources */ = {isa = PBXBuildFile; fileRef = 21C7BF361D32518E007699E8 /* WalkthroughPageViewController.swift */; };
		21F3FD0F20B0AB1200F1C198 /* NetworkManager.swift in Sources */ = {isa = PBXBuildFile; fileRef = 21F3FD0E20B0AB1200F1C198 /* NetworkManager.swift */; };
		21F3FD1120B0ACC000F1C198 /* UITableView&UICollectionView+Reusable.swift in Sources */ = {isa = PBXBuildFile; fileRef = 21F3FD1020B0ACC000F1C198 /* UITableView&UICollectionView+Reusable.swift */; };
		21F3FD1320B0B07300F1C198 /* UIColor+Init.swift in Sources */ = {isa = PBXBuildFile; fileRef = 21F3FD1220B0B07300F1C198 /* UIColor+Init.swift */; };
		21F3FD1620B0BE4B00F1C198 /* NetworkSession.swift in Sources */ = {isa = PBXBuildFile; fileRef = 21F3FD1520B0BE4B00F1C198 /* NetworkSession.swift */; };
		21F3FD1820B0BF1600F1C198 /* NetworkResult.swift in Sources */ = {isa = PBXBuildFile; fileRef = 21F3FD1720B0BF1600F1C198 /* NetworkResult.swift */; };
		21F79B401D2CBAAB00516D8A /* AppDelegate.swift in Sources */ = {isa = PBXBuildFile; fileRef = 21F79B3F1D2CBAAB00516D8A /* AppDelegate.swift */; };
		21F79B451D2CBAAB00516D8A /* Main.storyboard in Resources */ = {isa = PBXBuildFile; fileRef = 21F79B431D2CBAAB00516D8A /* Main.storyboard */; };
		21F79B471D2CBAAB00516D8A /* Assets.xcassets in Resources */ = {isa = PBXBuildFile; fileRef = 21F79B461D2CBAAB00516D8A /* Assets.xcassets */; };
		21F79B4A1D2CBAAB00516D8A /* LaunchScreen.storyboard in Resources */ = {isa = PBXBuildFile; fileRef = 21F79B481D2CBAAB00516D8A /* LaunchScreen.storyboard */; };
		21F79B521D2CBE2B00516D8A /* MovieListViewController.swift in Sources */ = {isa = PBXBuildFile; fileRef = 21F79B511D2CBE2B00516D8A /* MovieListViewController.swift */; };
		21F79B541D2CDB8B00516D8A /* MovieCell.swift in Sources */ = {isa = PBXBuildFile; fileRef = 21F79B531D2CDB8B00516D8A /* MovieCell.swift */; };
		9B19009ACD77BEC42A9758E2 /* Pods_MovieRating.framework in Frameworks */ = {isa = PBXBuildFile; fileRef = E8FD17BEBD7EEDC5E9926F8C /* Pods_MovieRating.framework */; };
/* End PBXBuildFile section */

/* Begin PBXFileReference section */
		2161D22F20B0F70C00F6818B /* MovieListViewModel.swift */ = {isa = PBXFileReference; lastKnownFileType = sourcecode.swift; path = MovieListViewModel.swift; sourceTree = "<group>"; };
		2161D23920B2405000F6818B /* TypeAlias.swift */ = {isa = PBXFileReference; lastKnownFileType = sourcecode.swift; path = TypeAlias.swift; sourceTree = "<group>"; };
		21682DC51D30DC88002FC386 /* Movie.swift */ = {isa = PBXFileReference; fileEncoding = 4; lastKnownFileType = sourcecode.swift; path = Movie.swift; sourceTree = "<group>"; };
		21C7BF341D324FF2007699E8 /* WalkthroughContentViewController.swift */ = {isa = PBXFileReference; fileEncoding = 4; lastKnownFileType = sourcecode.swift; path = WalkthroughContentViewController.swift; sourceTree = "<group>"; };
		21C7BF361D32518E007699E8 /* WalkthroughPageViewController.swift */ = {isa = PBXFileReference; fileEncoding = 4; lastKnownFileType = sourcecode.swift; path = WalkthroughPageViewController.swift; sourceTree = "<group>"; };
		21F3FD0E20B0AB1200F1C198 /* NetworkManager.swift */ = {isa = PBXFileReference; lastKnownFileType = sourcecode.swift; path = NetworkManager.swift; sourceTree = "<group>"; };
		21F3FD1020B0ACC000F1C198 /* UITableView&UICollectionView+Reusable.swift */ = {isa = PBXFileReference; lastKnownFileType = sourcecode.swift; path = "UITableView&UICollectionView+Reusable.swift"; sourceTree = "<group>"; };
		21F3FD1220B0B07300F1C198 /* UIColor+Init.swift */ = {isa = PBXFileReference; lastKnownFileType = sourcecode.swift; path = "UIColor+Init.swift"; sourceTree = "<group>"; };
		21F3FD1520B0BE4B00F1C198 /* NetworkSession.swift */ = {isa = PBXFileReference; lastKnownFileType = sourcecode.swift; path = NetworkSession.swift; sourceTree = "<group>"; };
		21F3FD1720B0BF1600F1C198 /* NetworkResult.swift */ = {isa = PBXFileReference; lastKnownFileType = sourcecode.swift; path = NetworkResult.swift; sourceTree = "<group>"; };
		21F79B3C1D2CBAAB00516D8A /* MovieRating.app */ = {isa = PBXFileReference; explicitFileType = wrapper.application; includeInIndex = 0; path = MovieRating.app; sourceTree = BUILT_PRODUCTS_DIR; };
		21F79B3F1D2CBAAB00516D8A /* AppDelegate.swift */ = {isa = PBXFileReference; lastKnownFileType = sourcecode.swift; path = AppDelegate.swift; sourceTree = "<group>"; };
		21F79B441D2CBAAB00516D8A /* Base */ = {isa = PBXFileReference; lastKnownFileType = file.storyboard; name = Base; path = Base.lproj/Main.storyboard; sourceTree = "<group>"; };
		21F79B461D2CBAAB00516D8A /* Assets.xcassets */ = {isa = PBXFileReference; lastKnownFileType = folder.assetcatalog; path = Assets.xcassets; sourceTree = "<group>"; };
		21F79B491D2CBAAB00516D8A /* Base */ = {isa = PBXFileReference; lastKnownFileType = file.storyboard; name = Base; path = Base.lproj/LaunchScreen.storyboard; sourceTree = "<group>"; };
		21F79B4B1D2CBAAB00516D8A /* Info.plist */ = {isa = PBXFileReference; lastKnownFileType = text.plist.xml; path = Info.plist; sourceTree = "<group>"; };
		21F79B511D2CBE2B00516D8A /* MovieListViewController.swift */ = {isa = PBXFileReference; fileEncoding = 4; lastKnownFileType = sourcecode.swift; path = MovieListViewController.swift; sourceTree = "<group>"; };
		21F79B531D2CDB8B00516D8A /* MovieCell.swift */ = {isa = PBXFileReference; fileEncoding = 4; lastKnownFileType = sourcecode.swift; path = MovieCell.swift; sourceTree = "<group>"; };
		90B8AC8EFBD46C68079BF6F6 /* Pods-MovieRating.debug.xcconfig */ = {isa = PBXFileReference; includeInIndex = 1; lastKnownFileType = text.xcconfig; name = "Pods-MovieRating.debug.xcconfig"; path = "Pods/Target Support Files/Pods-MovieRating/Pods-MovieRating.debug.xcconfig"; sourceTree = "<group>"; };
		9689931D76552B7513CCB1A4 /* Pods-MovieRating.release.xcconfig */ = {isa = PBXFileReference; includeInIndex = 1; lastKnownFileType = text.xcconfig; name = "Pods-MovieRating.release.xcconfig"; path = "Pods/Target Support Files/Pods-MovieRating/Pods-MovieRating.release.xcconfig"; sourceTree = "<group>"; };
		E8FD17BEBD7EEDC5E9926F8C /* Pods_MovieRating.framework */ = {isa = PBXFileReference; explicitFileType = wrapper.framework; includeInIndex = 0; path = Pods_MovieRating.framework; sourceTree = BUILT_PRODUCTS_DIR; };
/* End PBXFileReference section */

/* Begin PBXFrameworksBuildPhase section */
		21F79B391D2CBAAB00516D8A /* Frameworks */ = {
			isa = PBXFrameworksBuildPhase;
			buildActionMask = 2147483647;
			files = (
				9B19009ACD77BEC42A9758E2 /* Pods_MovieRating.framework in Frameworks */,
			);
			runOnlyForDeploymentPostprocessing = 0;
		};
/* End PBXFrameworksBuildPhase section */

/* Begin PBXGroup section */
		2161D23320B1B7D000F6818B /* Extensions */ = {
			isa = PBXGroup;
			children = (
				21F3FD1220B0B07300F1C198 /* UIColor+Init.swift */,
				21F3FD1020B0ACC000F1C198 /* UITableView&UICollectionView+Reusable.swift */,
				2161D23920B2405000F6818B /* TypeAlias.swift */,
			);
			path = Extensions;
			sourceTree = "<group>";
		};
		2161D23420B2383000F6818B /* Screens */ = {
			isa = PBXGroup;
			children = (
				21F3FD1F20B0E33400F1C198 /* Walkthrough */,
				2161D23520B2383B00F6818B /* MovieList */,
			);
			path = Screens;
			sourceTree = "<group>";
		};
		2161D23520B2383B00F6818B /* MovieList */ = {
			isa = PBXGroup;
			children = (
				2161D23820B23F0C00F6818B /* ViewModels */,
				2161D23720B23EED00F6818B /* Models */,
				2161D23620B2384C00F6818B /* Views */,
			);
			path = MovieList;
			sourceTree = "<group>";
		};
		2161D23620B2384C00F6818B /* Views */ = {
			isa = PBXGroup;
			children = (
				21F79B511D2CBE2B00516D8A /* MovieListViewController.swift */,
				21F79B531D2CDB8B00516D8A /* MovieCell.swift */,
			);
			path = Views;
			sourceTree = "<group>";
		};
		2161D23720B23EED00F6818B /* Models */ = {
			isa = PBXGroup;
			children = (
				21682DC51D30DC88002FC386 /* Movie.swift */,
			);
			path = Models;
			sourceTree = "<group>";
		};
		2161D23820B23F0C00F6818B /* ViewModels */ = {
			isa = PBXGroup;
			children = (
				2161D22F20B0F70C00F6818B /* MovieListViewModel.swift */,
			);
			path = ViewModels;
			sourceTree = "<group>";
		};
		21F3FD1420B0BE2C00F1C198 /* Networking */ = {
			isa = PBXGroup;
			children = (
				21F3FD0E20B0AB1200F1C198 /* NetworkManager.swift */,
				21F3FD1520B0BE4B00F1C198 /* NetworkSession.swift */,
				21F3FD1720B0BF1600F1C198 /* NetworkResult.swift */,
			);
			path = Networking;
			sourceTree = "<group>";
		};
		21F3FD1F20B0E33400F1C198 /* Walkthrough */ = {
			isa = PBXGroup;
			children = (
				21C7BF341D324FF2007699E8 /* WalkthroughContentViewController.swift */,
				21C7BF361D32518E007699E8 /* WalkthroughPageViewController.swift */,
			);
			path = Walkthrough;
			sourceTree = "<group>";
		};
		21F79B331D2CBAAB00516D8A = {
			isa = PBXGroup;
			children = (
				21F79B3E1D2CBAAB00516D8A /* MovieRating */,
				21F79B3D1D2CBAAB00516D8A /* Products */,
				B9B7F1D42E3576F02A0CB0F0 /* Pods */,
				828805C8C261470BE7216FD1 /* Frameworks */,
			);
			sourceTree = "<group>";
		};
		21F79B3D1D2CBAAB00516D8A /* Products */ = {
			isa = PBXGroup;
			children = (
				21F79B3C1D2CBAAB00516D8A /* MovieRating.app */,
			);
			name = Products;
			sourceTree = "<group>";
		};
		21F79B3E1D2CBAAB00516D8A /* MovieRating */ = {
			isa = PBXGroup;
			children = (
				2161D23420B2383000F6818B /* Screens */,
				2161D23320B1B7D000F6818B /* Extensions */,
				21F3FD1420B0BE2C00F1C198 /* Networking */,
				21F79B3F1D2CBAAB00516D8A /* AppDelegate.swift */,
				21F79B431D2CBAAB00516D8A /* Main.storyboard */,
				21F79B461D2CBAAB00516D8A /* Assets.xcassets */,
				21F79B481D2CBAAB00516D8A /* LaunchScreen.storyboard */,
				21F79B4B1D2CBAAB00516D8A /* Info.plist */,
			);
			path = MovieRating;
			sourceTree = "<group>";
		};
		828805C8C261470BE7216FD1 /* Frameworks */ = {
			isa = PBXGroup;
			children = (
				E8FD17BEBD7EEDC5E9926F8C /* Pods_MovieRating.framework */,
			);
			name = Frameworks;
			sourceTree = "<group>";
		};
		B9B7F1D42E3576F02A0CB0F0 /* Pods */ = {
			isa = PBXGroup;
			children = (
				90B8AC8EFBD46C68079BF6F6 /* Pods-MovieRating.debug.xcconfig */,
				9689931D76552B7513CCB1A4 /* Pods-MovieRating.release.xcconfig */,
			);
			name = Pods;
			sourceTree = "<group>";
		};
/* End PBXGroup section */

/* Begin PBXNativeTarget section */
		21F79B3B1D2CBAAB00516D8A /* MovieRating */ = {
			isa = PBXNativeTarget;
			buildConfigurationList = 21F79B4E1D2CBAAB00516D8A /* Build configuration list for PBXNativeTarget "MovieRating" */;
			buildPhases = (
				CC6498706019950F31B554B9 /* [CP] Check Pods Manifest.lock */,
				21F79B381D2CBAAB00516D8A /* Sources */,
				21F79B391D2CBAAB00516D8A /* Frameworks */,
				21F79B3A1D2CBAAB00516D8A /* Resources */,
				EE276C3057C964F06D216547 /* [CP] Embed Pods Frameworks */,
				3C13167EB4F9292A1A87C756 /* [CP] Copy Pods Resources */,
			);
			buildRules = (
			);
			dependencies = (
			);
			name = MovieRating;
			productName = MovieRating;
			productReference = 21F79B3C1D2CBAAB00516D8A /* MovieRating.app */;
			productType = "com.apple.product-type.application";
		};
/* End PBXNativeTarget section */

/* Begin PBXProject section */
		21F79B341D2CBAAB00516D8A /* Project object */ = {
			isa = PBXProject;
			attributes = {
				LastSwiftUpdateCheck = 0730;
				LastUpgradeCheck = 0730;
				ORGANIZATIONNAME = "Hien Tran";
				TargetAttributes = {
					21F79B3B1D2CBAAB00516D8A = {
						CreatedOnToolsVersion = 7.3.1;
						ProvisioningStyle = Automatic;
					};
				};
			};
			buildConfigurationList = 21F79B371D2CBAAB00516D8A /* Build configuration list for PBXProject "MovieRating" */;
			compatibilityVersion = "Xcode 3.2";
			developmentRegion = English;
			hasScannedForEncodings = 0;
			knownRegions = (
				en,
				Base,
			);
			mainGroup = 21F79B331D2CBAAB00516D8A;
			productRefGroup = 21F79B3D1D2CBAAB00516D8A /* Products */;
			projectDirPath = "";
			projectRoot = "";
			targets = (
				21F79B3B1D2CBAAB00516D8A /* MovieRating */,
			);
		};
/* End PBXProject section */

/* Begin PBXResourcesBuildPhase section */
		21F79B3A1D2CBAAB00516D8A /* Resources */ = {
			isa = PBXResourcesBuildPhase;
			buildActionMask = 2147483647;
			files = (
				21F79B4A1D2CBAAB00516D8A /* LaunchScreen.storyboard in Resources */,
				21F79B471D2CBAAB00516D8A /* Assets.xcassets in Resources */,
				21F79B451D2CBAAB00516D8A /* Main.storyboard in Resources */,
			);
			runOnlyForDeploymentPostprocessing = 0;
		};
/* End PBXResourcesBuildPhase section */

/* Begin PBXShellScriptBuildPhase section */
		3C13167EB4F9292A1A87C756 /* [CP] Copy Pods Resources */ = {
			isa = PBXShellScriptBuildPhase;
			buildActionMask = 2147483647;
			files = (
			);
			inputPaths = (
			);
			name = "[CP] Copy Pods Resources";
			outputPaths = (
			);
			runOnlyForDeploymentPostprocessing = 0;
			shellPath = /bin/sh;
			shellScript = "\"${SRCROOT}/Pods/Target Support Files/Pods-MovieRating/Pods-MovieRating-resources.sh\"\n";
			showEnvVarsInLog = 0;
		};
		CC6498706019950F31B554B9 /* [CP] Check Pods Manifest.lock */ = {
			isa = PBXShellScriptBuildPhase;
			buildActionMask = 2147483647;
			files = (
			);
			inputPaths = (
				"${PODS_PODFILE_DIR_PATH}/Podfile.lock",
				"${PODS_ROOT}/Manifest.lock",
			);
			name = "[CP] Check Pods Manifest.lock";
			outputPaths = (
				"$(DERIVED_FILE_DIR)/Pods-MovieRating-checkManifestLockResult.txt",
			);
			runOnlyForDeploymentPostprocessing = 0;
			shellPath = /bin/sh;
			shellScript = "diff \"${PODS_PODFILE_DIR_PATH}/Podfile.lock\" \"${PODS_ROOT}/Manifest.lock\" > /dev/null\nif [ $? != 0 ] ; then\n    # print error to STDERR\n    echo \"error: The sandbox is not in sync with the Podfile.lock. Run 'pod install' or update your CocoaPods installation.\" >&2\n    exit 1\nfi\n# This output is used by Xcode 'outputs' to avoid re-running this script phase.\necho \"SUCCESS\" > \"${SCRIPT_OUTPUT_FILE_0}\"\n";
			showEnvVarsInLog = 0;
		};
		EE276C3057C964F06D216547 /* [CP] Embed Pods Frameworks */ = {
			isa = PBXShellScriptBuildPhase;
			buildActionMask = 2147483647;
			files = (
			);
			inputPaths = (
				"${SRCROOT}/Pods/Target Support Files/Pods-MovieRating/Pods-MovieRating-frameworks.sh",
				"${BUILT_PRODUCTS_DIR}/AFNetworking/AFNetworking.framework",
			);
			name = "[CP] Embed Pods Frameworks";
			outputPaths = (
				"${TARGET_BUILD_DIR}/${FRAMEWORKS_FOLDER_PATH}/AFNetworking.framework",
			);
			runOnlyForDeploymentPostprocessing = 0;
			shellPath = /bin/sh;
			shellScript = "\"${SRCROOT}/Pods/Target Support Files/Pods-MovieRating/Pods-MovieRating-frameworks.sh\"\n";
			showEnvVarsInLog = 0;
		};
/* End PBXShellScriptBuildPhase section */

/* Begin PBXSourcesBuildPhase section */
		21F79B381D2CBAAB00516D8A /* Sources */ = {
			isa = PBXSourcesBuildPhase;
			buildActionMask = 2147483647;
			files = (
				21F3FD0F20B0AB1200F1C198 /* NetworkManager.swift in Sources */,
				21F79B401D2CBAAB00516D8A /* AppDelegate.swift in Sources */,
				21F79B521D2CBE2B00516D8A /* MovieListViewController.swift in Sources */,
				21C7BF351D324FF2007699E8 /* WalkthroughContentViewController.swift in Sources */,
				2161D23A20B2405000F6818B /* TypeAlias.swift in Sources */,
				21F3FD1820B0BF1600F1C198 /* NetworkResult.swift in Sources */,
				21F3FD1120B0ACC000F1C198 /* UITableView&UICollectionView+Reusable.swift in Sources */,
				21F3FD1320B0B07300F1C198 /* UIColor+Init.swift in Sources */,
				2161D23020B0F70C00F6818B /* MovieListViewModel.swift in Sources */,
				21F79B541D2CDB8B00516D8A /* MovieCell.swift in Sources */,
				21F3FD1620B0BE4B00F1C198 /* NetworkSession.swift in Sources */,
				21682DC61D30DC88002FC386 /* Movie.swift in Sources */,
				21C7BF371D32518E007699E8 /* WalkthroughPageViewController.swift in Sources */,
			);
			runOnlyForDeploymentPostprocessing = 0;
		};
/* End PBXSourcesBuildPhase section */

/* Begin PBXVariantGroup section */
		21F79B431D2CBAAB00516D8A /* Main.storyboard */ = {
			isa = PBXVariantGroup;
			children = (
				21F79B441D2CBAAB00516D8A /* Base */,
			);
			name = Main.storyboard;
			sourceTree = "<group>";
		};
		21F79B481D2CBAAB00516D8A /* LaunchScreen.storyboard */ = {
			isa = PBXVariantGroup;
			children = (
				21F79B491D2CBAAB00516D8A /* Base */,
			);
			name = LaunchScreen.storyboard;
			sourceTree = "<group>";
		};
/* End PBXVariantGroup section */

/* Begin XCBuildConfiguration section */
		21F79B4C1D2CBAAB00516D8A /* Debug */ = {
			isa = XCBuildConfiguration;
			buildSettings = {
				ALWAYS_SEARCH_USER_PATHS = NO;
				CLANG_ANALYZER_NONNULL = YES;
				CLANG_CXX_LANGUAGE_STANDARD = "gnu++0x";
				CLANG_CXX_LIBRARY = "libc++";
				CLANG_ENABLE_MODULES = YES;
				CLANG_ENABLE_OBJC_ARC = YES;
				CLANG_WARN_BOOL_CONVERSION = YES;
				CLANG_WARN_CONSTANT_CONVERSION = YES;
				CLANG_WARN_DIRECT_OBJC_ISA_USAGE = YES_ERROR;
				CLANG_WARN_EMPTY_BODY = YES;
				CLANG_WARN_ENUM_CONVERSION = YES;
				CLANG_WARN_INT_CONVERSION = YES;
				CLANG_WARN_OBJC_ROOT_CLASS = YES_ERROR;
				CLANG_WARN_UNREACHABLE_CODE = YES;
				CLANG_WARN__DUPLICATE_METHOD_MATCH = YES;
				"CODE_SIGN_IDENTITY[sdk=iphoneos*]" = "iPhone Developer";
				COPY_PHASE_STRIP = NO;
				DEBUG_INFORMATION_FORMAT = dwarf;
				ENABLE_STRICT_OBJC_MSGSEND = YES;
				ENABLE_TESTABILITY = YES;
				GCC_C_LANGUAGE_STANDARD = gnu99;
				GCC_DYNAMIC_NO_PIC = NO;
				GCC_NO_COMMON_BLOCKS = YES;
				GCC_OPTIMIZATION_LEVEL = 0;
				GCC_PREPROCESSOR_DEFINITIONS = (
					"DEBUG=1",
					"$(inherited)",
				);
				GCC_WARN_64_TO_32_BIT_CONVERSION = YES;
				GCC_WARN_ABOUT_RETURN_TYPE = YES_ERROR;
				GCC_WARN_UNDECLARED_SELECTOR = YES;
				GCC_WARN_UNINITIALIZED_AUTOS = YES_AGGRESSIVE;
				GCC_WARN_UNUSED_FUNCTION = YES;
				GCC_WARN_UNUSED_VARIABLE = YES;
				IPHONEOS_DEPLOYMENT_TARGET = 9.3;
				MTL_ENABLE_DEBUG_INFO = YES;
				ONLY_ACTIVE_ARCH = YES;
				SDKROOT = iphoneos;
				SWIFT_OPTIMIZATION_LEVEL = "-Onone";
			};
			name = Debug;
		};
		21F79B4D1D2CBAAB00516D8A /* Release */ = {
			isa = XCBuildConfiguration;
			buildSettings = {
				ALWAYS_SEARCH_USER_PATHS = NO;
				CLANG_ANALYZER_NONNULL = YES;
				CLANG_CXX_LANGUAGE_STANDARD = "gnu++0x";
				CLANG_CXX_LIBRARY = "libc++";
				CLANG_ENABLE_MODULES = YES;
				CLANG_ENABLE_OBJC_ARC = YES;
				CLANG_WARN_BOOL_CONVERSION = YES;
				CLANG_WARN_CONSTANT_CONVERSION = YES;
				CLANG_WARN_DIRECT_OBJC_ISA_USAGE = YES_ERROR;
				CLANG_WARN_EMPTY_BODY = YES;
				CLANG_WARN_ENUM_CONVERSION = YES;
				CLANG_WARN_INT_CONVERSION = YES;
				CLANG_WARN_OBJC_ROOT_CLASS = YES_ERROR;
				CLANG_WARN_UNREACHABLE_CODE = YES;
				CLANG_WARN__DUPLICATE_METHOD_MATCH = YES;
				"CODE_SIGN_IDENTITY[sdk=iphoneos*]" = "iPhone Developer";
				COPY_PHASE_STRIP = NO;
				DEBUG_INFORMATION_FORMAT = "dwarf-with-dsym";
				ENABLE_NS_ASSERTIONS = NO;
				ENABLE_STRICT_OBJC_MSGSEND = YES;
				GCC_C_LANGUAGE_STANDARD = gnu99;
				GCC_NO_COMMON_BLOCKS = YES;
				GCC_WARN_64_TO_32_BIT_CONVERSION = YES;
				GCC_WARN_ABOUT_RETURN_TYPE = YES_ERROR;
				GCC_WARN_UNDECLARED_SELECTOR = YES;
				GCC_WARN_UNINITIALIZED_AUTOS = YES_AGGRESSIVE;
				GCC_WARN_UNUSED_FUNCTION = YES;
				GCC_WARN_UNUSED_VARIABLE = YES;
				IPHONEOS_DEPLOYMENT_TARGET = 9.3;
				MTL_ENABLE_DEBUG_INFO = NO;
				SDKROOT = iphoneos;
				VALIDATE_PRODUCT = YES;
			};
			name = Release;
		};
		21F79B4F1D2CBAAB00516D8A /* Debug */ = {
			isa = XCBuildConfiguration;
			baseConfigurationReference = 90B8AC8EFBD46C68079BF6F6 /* Pods-MovieRating.debug.xcconfig */;
			buildSettings = {
				ASSETCATALOG_COMPILER_APPICON_NAME = AppIcon;
				CODE_SIGN_IDENTITY = "iPhone Developer";
				CODE_SIGN_STYLE = Automatic;
				DEVELOPMENT_TEAM = "";
				INFOPLIST_FILE = MovieRating/Info.plist;
				LD_RUNPATH_SEARCH_PATHS = "$(inherited) @executable_path/Frameworks";
				PRODUCT_BUNDLE_IDENTIFIER = com.ballssqueezer.MovieRating;
				PRODUCT_NAME = "$(TARGET_NAME)";
				PROVISIONING_PROFILE_SPECIFIER = "";
				SWIFT_VERSION = 4.0;
			};
			name = Debug;
		};
		21F79B501D2CBAAB00516D8A /* Release */ = {
			isa = XCBuildConfiguration;
			baseConfigurationReference = 9689931D76552B7513CCB1A4 /* Pods-MovieRating.release.xcconfig */;
			buildSettings = {
				ASSETCATALOG_COMPILER_APPICON_NAME = AppIcon;
				CODE_SIGN_IDENTITY = "iPhone Developer";
				CODE_SIGN_STYLE = Automatic;
				DEVELOPMENT_TEAM = "";
				INFOPLIST_FILE = MovieRating/Info.plist;
				LD_RUNPATH_SEARCH_PATHS = "$(inherited) @executable_path/Frameworks";
				PRODUCT_BUNDLE_IDENTIFIER = com.ballssqueezer.MovieRating;
				PRODUCT_NAME = "$(TARGET_NAME)";
				PROVISIONING_PROFILE_SPECIFIER = "";
				SWIFT_VERSION = 4.0;
			};
			name = Release;
		};
/* End XCBuildConfiguration section */

/* Begin XCConfigurationList section */
		21F79B371D2CBAAB00516D8A /* Build configuration list for PBXProject "MovieRating" */ = {
			isa = XCConfigurationList;
			buildConfigurations = (
				21F79B4C1D2CBAAB00516D8A /* Debug */,
				21F79B4D1D2CBAAB00516D8A /* Release */,
			);
			defaultConfigurationIsVisible = 0;
			defaultConfigurationName = Release;
		};
		21F79B4E1D2CBAAB00516D8A /* Build configuration list for PBXNativeTarget "MovieRating" */ = {
			isa = XCConfigurationList;
			buildConfigurations = (
				21F79B4F1D2CBAAB00516D8A /* Debug */,
				21F79B501D2CBAAB00516D8A /* Release */,
			);
			defaultConfigurationIsVisible = 0;
			defaultConfigurationName = Release;
		};
/* End XCConfigurationList section */
	};
	rootObject = 21F79B341D2CBAAB00516D8A /* Project object */;
}
